{
    "_readme": [
        "This file locks the dependencies of your project to a known state",
        "Read more about it at https://getcomposer.org/doc/01-basic-usage.md#installing-dependencies",
        "This file is @generated automatically"
    ],
    "content-hash": "67e7226bca287e26ec024dc29b66de02",
    "packages": [
        {
            "name": "ksoftm/mini-data",
            "version": "0.1.5",
            "source": {
                "type": "git",
                "url": "https://github.com/KsoftM/MiniData.git",
                "reference": "cce5774689882f5428572a2ccc0a438355964552"
            },
            "dist": {
                "type": "zip",
                "url": "https://api.github.com/repos/KsoftM/MiniData/zipball/cce5774689882f5428572a2ccc0a438355964552",
                "reference": "cce5774689882f5428572a2ccc0a438355964552",
                "shasum": ""
            },
            "require": {
                "ksoftm/utility": "^0.1.12",
                "php": "^8.0"
            },
            "type": "library",
            "autoload": {
                "psr-4": {
                    "ksoftm\\system\\": "./src"
                }
            },
            "notification-url": "https://packagist.org/downloads/",
            "license": [
                "MIT"
            ],
            "authors": [
                {
                    "name": "KsoftM",
                    "email": "ksoftmanagement@gmail.com"
                }
            ],
            "description": "content database easily",
            "support": {
                "issues": "https://github.com/KsoftM/MiniData/issues",
                "source": "https://github.com/KsoftM/MiniData/tree/v0.1.5"
            },
            "time": "2021-10-14T04:38:46+00:00"
        },
        {
            "name": "ksoftm/routing-system",
            "version": "0.1.12",
            "source": {
                "type": "git",
                "url": "https://github.com/KsoftM/RoutingSystem.git",
                "reference": "4d8cd4bbc8eff4125892f4018cfa4d67166c746c"
            },
            "dist": {
                "type": "zip",
                "url": "https://api.github.com/repos/KsoftM/RoutingSystem/zipball/4d8cd4bbc8eff4125892f4018cfa4d67166c746c",
                "reference": "4d8cd4bbc8eff4125892f4018cfa4d67166c746c",
                "shasum": ""
            },
            "require": {
                "ksoftm/utility": "^0.1.15",
                "php": "^8.0"
            },
            "type": "library",
            "autoload": {
                "files": [
                    "./src/helper.php"
                ],
                "psr-4": {
                    "ksoftm\\system\\": "./src"
                }
            },
            "notification-url": "https://packagist.org/downloads/",
            "license": [
                "MIT"
            ],
            "authors": [
                {
                    "name": "KsoftM",
                    "email": "ksoftmanagement@gmail.com"
                }
            ],
            "description": "Routing system for PHP projects.",
            "support": {
                "issues": "https://github.com/KsoftM/RoutingSystem/issues",
                "source": "https://github.com/KsoftM/RoutingSystem/tree/v0.1.12"
            },
            "time": "2021-10-14T08:07:14+00:00"
        },
        {
            "name": "ksoftm/utility",
            "version": "0.1.15",
            "source": {
                "type": "git",
                "url": "https://github.com/KsoftM/Utility.git",
                "reference": "ca5014b44f32a8c9eafe33f54e67631a24327a3e"
            },
            "dist": {
                "type": "zip",
                "url": "https://api.github.com/repos/KsoftM/Utility/zipball/ca5014b44f32a8c9eafe33f54e67631a24327a3e",
                "reference": "ca5014b44f32a8c9eafe33f54e67631a24327a3e",
                "shasum": ""
            },
            "require": {
                "php": "^8.0"
            },
            "type": "library",
            "autoload": {
                "psr-4": {
                    "ksoftm\\system\\": "./src"
                }
            },
            "notification-url": "https://packagist.org/downloads/",
            "license": [
                "MIT"
            ],
            "authors": [
                {
                    "name": "KsoftM",
                    "email": "ksoftmanagement@gmail.com"
                }
            ],
            "description": "Some utility helpers for PHP.",
            "support": {
                "issues": "https://github.com/KsoftM/Utility/issues",
                "source": "https://github.com/KsoftM/Utility/tree/v0.1.15"
            },
            "time": "2021-10-14T08:00:57+00:00"
        }
    ],
    "packages-dev": [],
    "aliases": [],
    "minimum-stability": "stable",
    "stability-flags": [],
    "prefer-stable": false,
    "prefer-lowest": false,
    "platform": {
        "php": "^8.0"
    },
    "platform-dev": [],
    "plugin-api-version": "2.1.0"
}
