{
    "_readme": [
        "This file locks the dependencies of your project to a known state",
        "Read more about it at https://getcomposer.org/doc/01-basic-usage.md#installing-dependencies",
        "This file is @generated automatically"
    ],
    "content-hash": "8e10372a020a85383968252cda202a1f",
    "packages": [
        {
            "name": "ksoftm/mini-data",
            "version": "0.1.3",
            "source": {
                "type": "git",
                "url": "https://github.com/KsoftM/MiniData.git",
                "reference": "1b7b8c1fee0a96d98818ef613f614c32c6e60771"
            },
            "dist": {
                "type": "zip",
                "url": "https://api.github.com/repos/KsoftM/MiniData/zipball/1b7b8c1fee0a96d98818ef613f614c32c6e60771",
                "reference": "1b7b8c1fee0a96d98818ef613f614c32c6e60771",
                "shasum": ""
            },
            "require": {
                "ksoftm/utility": "^0.1.10",
                "php": "^8.0"
            },
            "type": "library",
            "autoload": {
                "psr-4": {
                    "ksoftm\\system\\": "./src"
                }
            },
            "notification-url": "https://packagist.org/downloads/",
            "license": [
                "MIT"
            ],
            "authors": [
                {
                    "name": "KsoftM",
                    "email": "ksoftmanagement@gmail.com"
                }
            ],
            "description": "content database easily",
            "support": {
                "issues": "https://github.com/KsoftM/MiniData/issues",
                "source": "https://github.com/KsoftM/MiniData/tree/v0.1.3"
            },
            "time": "2021-10-10T09:46:17+00:00"
        },
        {
            "name": "ksoftm/routing-system",
            "version": "0.1.8",
            "source": {
                "type": "git",
                "url": "https://github.com/KsoftM/RoutingSystem.git",
                "reference": "3a71761851ffff8a799aa380bd5933a18b4a5667"
            },
            "dist": {
                "type": "zip",
                "url": "https://api.github.com/repos/KsoftM/RoutingSystem/zipball/3a71761851ffff8a799aa380bd5933a18b4a5667",
                "reference": "3a71761851ffff8a799aa380bd5933a18b4a5667",
                "shasum": ""
            },
            "require": {
                "ksoftm/utility": "^0.1.10",
                "php": "^8.0"
            },
            "type": "library",
            "autoload": {
                "files": [
                    "./src/helper.php"
                ],
                "psr-4": {
                    "ksoftm\\system\\": "./src"
                }
            },
            "notification-url": "https://packagist.org/downloads/",
            "license": [
                "MIT"
            ],
            "authors": [
                {
                    "name": "KsoftM",
                    "email": "ksoftmanagement@gmail.com"
                }
            ],
            "description": "Routing system for PHP projects.",
            "support": {
                "issues": "https://github.com/KsoftM/RoutingSystem/issues",
                "source": "https://github.com/KsoftM/RoutingSystem/tree/v0.1.8"
            },
            "time": "2021-10-10T09:32:50+00:00"
        },
        {
            "name": "ksoftm/utility",
            "version": "0.1.10",
            "source": {
                "type": "git",
                "url": "https://github.com/KsoftM/Utility.git",
                "reference": "e5ba20acc7c382f4c07a48167b1159dfa7ca77e7"
            },
            "dist": {
                "type": "zip",
                "url": "https://api.github.com/repos/KsoftM/Utility/zipball/e5ba20acc7c382f4c07a48167b1159dfa7ca77e7",
                "reference": "e5ba20acc7c382f4c07a48167b1159dfa7ca77e7",
                "shasum": ""
            },
            "require": {
                "php": "^8.0"
            },
            "type": "library",
            "autoload": {
                "psr-4": {
                    "ksoftm\\system\\": "./src"
                }
            },
            "notification-url": "https://packagist.org/downloads/",
            "license": [
                "MIT"
            ],
            "authors": [
                {
                    "name": "KsoftM",
                    "email": "ksoftmanagement@gmail.com"
                }
            ],
            "description": "Some utility helpers for PHP.",
            "support": {
                "issues": "https://github.com/KsoftM/Utility/issues",
                "source": "https://github.com/KsoftM/Utility/tree/v0.1.10"
            },
            "time": "2021-10-10T09:12:26+00:00"
        }
    ],
    "packages-dev": [],
    "aliases": [],
    "minimum-stability": "stable",
    "stability-flags": [],
    "prefer-stable": false,
    "prefer-lowest": false,
    "platform": {
        "php": "^8.0"
    },
    "platform-dev": [],
    "plugin-api-version": "2.1.0"
}
