{
    "_readme": [
        "This file locks the dependencies of your project to a known state",
        "Read more about it at https://getcomposer.org/doc/01-basic-usage.md#installing-dependencies",
        "This file is @generated automatically"
    ],
    "content-hash": "b0acd0005e378529017fc4ecb105b211",
    "packages": [
        {
            "name": "ksoftm/mini-data",
            "version": "0.1.22",
            "source": {
                "type": "git",
                "url": "https://github.com/KsoftM/MiniData.git",
                "reference": "905c8bda47cf142ce8df6ec3dda304f2df280af0"
            },
            "dist": {
                "type": "zip",
                "url": "https://api.github.com/repos/KsoftM/MiniData/zipball/905c8bda47cf142ce8df6ec3dda304f2df280af0",
                "reference": "905c8bda47cf142ce8df6ec3dda304f2df280af0",
                "shasum": ""
            },
            "require": {
                "ksoftm/utility": "^0.1.26",
                "php": "^8.0"
            },
            "type": "library",
            "autoload": {
                "psr-4": {
                    "ksoftm\\system\\": "./src"
                }
            },
            "notification-url": "https://packagist.org/downloads/",
            "license": [
                "MIT"
            ],
            "authors": [
                {
                    "name": "KsoftM",
                    "email": "ksoftmanagement@gmail.com"
                }
            ],
            "description": "content database easily",
            "support": {
                "issues": "https://github.com/KsoftM/MiniData/issues",
                "source": "https://github.com/KsoftM/MiniData/tree/v0.1.22"
            },
            "time": "2021-12-05T08:13:17+00:00"
        },
        {
            "name": "ksoftm/routing-system",
            "version": "0.1.24",
            "source": {
                "type": "git",
                "url": "https://github.com/KsoftM/RoutingSystem.git",
                "reference": "ebaf09d19bc2ecce0667bd49cfc1e9de2744fd36"
            },
            "dist": {
                "type": "zip",
                "url": "https://api.github.com/repos/KsoftM/RoutingSystem/zipball/ebaf09d19bc2ecce0667bd49cfc1e9de2744fd36",
                "reference": "ebaf09d19bc2ecce0667bd49cfc1e9de2744fd36",
                "shasum": ""
            },
            "require": {
                "ksoftm/utility": "^0.1.27",
                "php": "^8.0"
            },
            "type": "library",
            "autoload": {
                "files": [
                    "./src/helper.php"
                ],
                "psr-4": {
                    "ksoftm\\system\\": "./src"
                }
            },
            "notification-url": "https://packagist.org/downloads/",
            "license": [
                "MIT"
            ],
            "authors": [
                {
                    "name": "KsoftM",
                    "email": "ksoftmanagement@gmail.com"
                }
            ],
            "description": "Routing system for PHP projects.",
            "support": {
                "issues": "https://github.com/KsoftM/RoutingSystem/issues",
                "source": "https://github.com/KsoftM/RoutingSystem/tree/v0.1.24"
            },
            "time": "2021-12-05T07:51:00+00:00"
        },
        {
            "name": "ksoftm/utility",
            "version": "0.1.27",
            "source": {
                "type": "git",
                "url": "https://github.com/KsoftM/Utility.git",
                "reference": "e45ef58a154a502317dcdd29e7b6db4248419a76"
            },
            "dist": {
                "type": "zip",
                "url": "https://api.github.com/repos/KsoftM/Utility/zipball/e45ef58a154a502317dcdd29e7b6db4248419a76",
                "reference": "e45ef58a154a502317dcdd29e7b6db4248419a76",
                "shasum": ""
            },
            "require": {
                "php": "^8.0"
            },
            "type": "library",
            "autoload": {
                "psr-4": {
                    "ksoftm\\system\\": "./src"
                }
            },
            "notification-url": "https://packagist.org/downloads/",
            "license": [
                "MIT"
            ],
            "authors": [
                {
                    "name": "KsoftM",
                    "email": "ksoftmanagement@gmail.com"
                }
            ],
            "description": "Some utility helpers for PHP.",
            "support": {
                "issues": "https://github.com/KsoftM/Utility/issues",
                "source": "https://github.com/KsoftM/Utility/tree/v0.1.27"
            },
            "time": "2021-12-05T07:42:11+00:00"
        }
    ],
    "packages-dev": [],
    "aliases": [],
    "minimum-stability": "dev",
    "stability-flags": [],
    "prefer-stable": false,
    "prefer-lowest": false,
    "platform": {
        "php": "^8.0"
    },
    "platform-dev": [],
    "plugin-api-version": "2.1.0"
}
